
Microsoft Visual Studio Solution File, Format Version 12.00
# Visual Studio Version 17
VisualStudioVersion = 17.14.36616.10 d17.14
MinimumVisualStudioVersion = 10.0.40219.1
Project("{FAE04EC0-301F-11D3-BF4B-00C04F79EFBC}") = "Student_Partoza_IT13", "Student_Partoza_IT13\Student_Partoza_IT13.csproj", "{D59F87D2-FBB8-4BD1-934D-97E5253569BE}"
EndProject
Global
	GlobalSection(SolutionConfigurationPlatforms) = preSolution
		Debug|Any CPU = Debug|Any CPU
		Release|Any CPU = Release|Any CPU
	EndGlobalSection
	GlobalSection(ProjectConfigurationPlatforms) = postSolution
		{D59F87D2-FBB8-4BD1-934D-97E5253569BE}.Debug|Any CPU.ActiveCfg = Debug|Any CPU
		{D59F87D2-FBB8-4BD1-934D-97E5253569BE}.Debug|Any CPU.Build.0 = Debug|Any CPU
		{D59F87D2-FBB8-4BD1-934D-97E5253569BE}.Release|Any CPU.ActiveCfg = Release|Any CPU
		{D59F87D2-FBB8-4BD1-934D-97E5253569BE}.Release|Any CPU.Build.0 = Release|Any CPU
	EndGlobalSection
	GlobalSection(SolutionProperties) = preSolution
		HideSolutionNode = FALSE
	EndGlobalSection
	GlobalSection(ExtensibilityGlobals) = postSolution
		SolutionGuid = {A84B488A-183B-46B3-BD05-5402D591CA91}
	EndGlobalSection
EndGlobal
